
Microsoft Visual Studio Solution File, Format Version 12.00
# Visual Studio Version 17
VisualStudioVersion = 17.11.35327.3
MinimumVisualStudioVersion = 10.0.40219.1
Project("{2150E333-8FDC-42A3-9474-1A3956D46DE8}") = "Desktop", "Desktop", "{8516DC9F-795F-46E0-ADEF-4BBACF0D8FC6}"
EndProject
Project("{9A19103F-16F7-4668-BE54-9A1E7A4F7556}") = "OneProject.Desktop", "OneProject.Desktop\OneProject.Desktop.csproj", "{1EC603BC-2A26-4CCC-AF77-68EC5C1C2F67}"
EndProject
Project("{2150E333-8FDC-42A3-9474-1A3956D46DE8}") = "Solution Items", "Solution Items", "{0FA7F277-A246-49CB-8AC3-12BBB9E26690}"
	ProjectSection(SolutionItems) = preProject
		.editorconfig = .editorconfig
		.filenesting.json = .filenesting.json
		clean.sh = clean.sh
		common.props = common.props
		common.test.props = common.test.props
		Directory.build.props = Directory.build.props
		directory.packages.props = directory.packages.props
		README.md = README.md
	EndProjectSection
EndProject
Project("{9A19103F-16F7-4668-BE54-9A1E7A4F7556}") = "OneProject.Desktop.Theme", "OneProject.Desktop.Theme\OneProject.Desktop.Theme.csproj", "{D67749D3-E195-4770-ADA9-D5A95E0708B3}"
EndProject
Project("{9A19103F-16F7-4668-BE54-9A1E7A4F7556}") = "OneProject", "OneProject\OneProject.csproj", "{FEAECEE7-7397-44B0-BAA7-5704CF9423AE}"
EndProject
Project("{9A19103F-16F7-4668-BE54-9A1E7A4F7556}") = "OneProject.Win32Native", "OneProject.Win32Native\OneProject.Win32Native.csproj", "{EC243AF2-CB2A-4D1C-8513-F93DE87291F4}"
EndProject
Project("{9A19103F-16F7-4668-BE54-9A1E7A4F7556}") = "OneProject.Test", "OneProject.Test\OneProject.Test.csproj", "{344EE9C3-E4F3-4B4C-8F10-101485349341}"
EndProject
Project("{2150E333-8FDC-42A3-9474-1A3956D46DE8}") = ".github", ".github", "{21BBDE1A-D1F0-47BF-9C1F-6A0C54FF7DFF}"
EndProject
Project("{2150E333-8FDC-42A3-9474-1A3956D46DE8}") = "workflows", "workflows", "{E566BE25-A753-475B-A4A5-145D9027F8FC}"
	ProjectSection(SolutionItems) = preProject
		.github\workflows\build.yml = .github\workflows\build.yml
		.github\workflows\publish.yml = .github\workflows\publish.yml
	EndProjectSection
EndProject
Project("{9A19103F-16F7-4668-BE54-9A1E7A4F7556}") = "OneProject.Desktop.Updater", "OneProject.Desktop.Updater\OneProject.Desktop.Updater.csproj", "{476FA46B-4504-407A-88DC-D1E113118A9A}"
EndProject
Project("{54435603-DBB4-11D2-8724-00A0C9A8B90C}") = "OneProject.Desktop.Setuper", "OneProject.Desktop.Setuper\OneProject.Desktop.Setuper.vdproj", "{B3D7D7A1-59AE-442B-9212-97406E656BE2}"
EndProject
Global
	GlobalSection(SolutionConfigurationPlatforms) = preSolution
		Debug|Any CPU = Debug|Any CPU
		Release|Any CPU = Release|Any CPU
	EndGlobalSection
	GlobalSection(ProjectConfigurationPlatforms) = postSolution
		{1EC603BC-2A26-4CCC-AF77-68EC5C1C2F67}.Debug|Any CPU.ActiveCfg = Debug|Any CPU
		{1EC603BC-2A26-4CCC-AF77-68EC5C1C2F67}.Debug|Any CPU.Build.0 = Debug|Any CPU
		{1EC603BC-2A26-4CCC-AF77-68EC5C1C2F67}.Release|Any CPU.ActiveCfg = Release|Any CPU
		{1EC603BC-2A26-4CCC-AF77-68EC5C1C2F67}.Release|Any CPU.Build.0 = Release|Any CPU
		{D67749D3-E195-4770-ADA9-D5A95E0708B3}.Debug|Any CPU.ActiveCfg = Debug|Any CPU
		{D67749D3-E195-4770-ADA9-D5A95E0708B3}.Debug|Any CPU.Build.0 = Debug|Any CPU
		{D67749D3-E195-4770-ADA9-D5A95E0708B3}.Release|Any CPU.ActiveCfg = Release|Any CPU
		{D67749D3-E195-4770-ADA9-D5A95E0708B3}.Release|Any CPU.Build.0 = Release|Any CPU
		{FEAECEE7-7397-44B0-BAA7-5704CF9423AE}.Debug|Any CPU.ActiveCfg = Debug|Any CPU
		{FEAECEE7-7397-44B0-BAA7-5704CF9423AE}.Debug|Any CPU.Build.0 = Debug|Any CPU
		{FEAECEE7-7397-44B0-BAA7-5704CF9423AE}.Release|Any CPU.ActiveCfg = Release|Any CPU
		{FEAECEE7-7397-44B0-BAA7-5704CF9423AE}.Release|Any CPU.Build.0 = Release|Any CPU
		{EC243AF2-CB2A-4D1C-8513-F93DE87291F4}.Debug|Any CPU.ActiveCfg = Debug|Any CPU
		{EC243AF2-CB2A-4D1C-8513-F93DE87291F4}.Debug|Any CPU.Build.0 = Debug|Any CPU
		{EC243AF2-CB2A-4D1C-8513-F93DE87291F4}.Release|Any CPU.ActiveCfg = Release|Any CPU
		{EC243AF2-CB2A-4D1C-8513-F93DE87291F4}.Release|Any CPU.Build.0 = Release|Any CPU
		{344EE9C3-E4F3-4B4C-8F10-101485349341}.Debug|Any CPU.ActiveCfg = Debug|Any CPU
		{344EE9C3-E4F3-4B4C-8F10-101485349341}.Debug|Any CPU.Build.0 = Debug|Any CPU
		{344EE9C3-E4F3-4B4C-8F10-101485349341}.Release|Any CPU.ActiveCfg = Release|Any CPU
		{344EE9C3-E4F3-4B4C-8F10-101485349341}.Release|Any CPU.Build.0 = Release|Any CPU
		{476FA46B-4504-407A-88DC-D1E113118A9A}.Debug|Any CPU.ActiveCfg = Debug|Any CPU
		{476FA46B-4504-407A-88DC-D1E113118A9A}.Debug|Any CPU.Build.0 = Debug|Any CPU
		{476FA46B-4504-407A-88DC-D1E113118A9A}.Release|Any CPU.ActiveCfg = Release|Any CPU
		{476FA46B-4504-407A-88DC-D1E113118A9A}.Release|Any CPU.Build.0 = Release|Any CPU
		{B3D7D7A1-59AE-442B-9212-97406E656BE2}.Debug|Any CPU.ActiveCfg = Debug
		{B3D7D7A1-59AE-442B-9212-97406E656BE2}.Release|Any CPU.ActiveCfg = Release
	EndGlobalSection
	GlobalSection(SolutionProperties) = preSolution
		HideSolutionNode = FALSE
	EndGlobalSection
	GlobalSection(NestedProjects) = preSolution
		{1EC603BC-2A26-4CCC-AF77-68EC5C1C2F67} = {8516DC9F-795F-46E0-ADEF-4BBACF0D8FC6}
		{D67749D3-E195-4770-ADA9-D5A95E0708B3} = {8516DC9F-795F-46E0-ADEF-4BBACF0D8FC6}
		{E566BE25-A753-475B-A4A5-145D9027F8FC} = {21BBDE1A-D1F0-47BF-9C1F-6A0C54FF7DFF}
		{476FA46B-4504-407A-88DC-D1E113118A9A} = {8516DC9F-795F-46E0-ADEF-4BBACF0D8FC6}
		{B3D7D7A1-59AE-442B-9212-97406E656BE2} = {8516DC9F-795F-46E0-ADEF-4BBACF0D8FC6}
	EndGlobalSection
	GlobalSection(ExtensibilityGlobals) = postSolution
		SolutionGuid = {526F0FF2-A087-4EF2-B451-667BA5184F81}
	EndGlobalSection
EndGlobal
